
Microsoft Visual Studio Solution File, Format Version 12.00
# Visual Studio Version 16
VisualStudioVersion = 16.0.30011.22
MinimumVisualStudioVersion = 10.0.40219.1
Project("{FAE04EC0-301F-11D3-BF4B-00C04F79EFBC}") = "App1", "App1\App1.csproj", "{64ACEBA7-2EEB-4BC0-AE2B-C864B0E50B1E}"
EndProject
Project("{9A19103F-16F7-4668-BE54-9A1E7A4F7556}") = "App1.Core", "App1.Core\App1.Core.csproj", "{E19CD19E-3C62-4B21-8F94-D6877807C5FA}"
EndProject
Global
	GlobalSection(SolutionConfigurationPlatforms) = preSolution
		Debug|Any CPU = Debug|Any CPU
		Debug|ARM = Debug|ARM
		Debug|ARM64 = Debug|ARM64
		Debug|x64 = Debug|x64
		Debug|x86 = Debug|x86
		Release|Any CPU = Release|Any CPU
		Release|ARM = Release|ARM
		Release|ARM64 = Release|ARM64
		Release|x64 = Release|x64
		Release|x86 = Release|x86
	EndGlobalSection
	GlobalSection(ProjectConfigurationPlatforms) = postSolution
		{64ACEBA7-2EEB-4BC0-AE2B-C864B0E50B1E}.Debug|Any CPU.ActiveCfg = Debug|x86
		{64ACEBA7-2EEB-4BC0-AE2B-C864B0E50B1E}.Debug|ARM.ActiveCfg = Debug|ARM
		{64ACEBA7-2EEB-4BC0-AE2B-C864B0E50B1E}.Debug|ARM.Build.0 = Debug|ARM
		{64ACEBA7-2EEB-4BC0-AE2B-C864B0E50B1E}.Debug|ARM.Deploy.0 = Debug|ARM
		{64ACEBA7-2EEB-4BC0-AE2B-C864B0E50B1E}.Debug|ARM64.ActiveCfg = Debug|ARM64
		{64ACEBA7-2EEB-4BC0-AE2B-C864B0E50B1E}.Debug|ARM64.Build.0 = Debug|ARM64
		{64ACEBA7-2EEB-4BC0-AE2B-C864B0E50B1E}.Debug|ARM64.Deploy.0 = Debug|ARM64
		{64ACEBA7-2EEB-4BC0-AE2B-C864B0E50B1E}.Debug|x64.ActiveCfg = Debug|x64
		{64ACEBA7-2EEB-4BC0-AE2B-C864B0E50B1E}.Debug|x64.Build.0 = Debug|x64
		{64ACEBA7-2EEB-4BC0-AE2B-C864B0E50B1E}.Debug|x64.Deploy.0 = Debug|x64
		{64ACEBA7-2EEB-4BC0-AE2B-C864B0E50B1E}.Debug|x86.ActiveCfg = Debug|x86
		{64ACEBA7-2EEB-4BC0-AE2B-C864B0E50B1E}.Debug|x86.Build.0 = Debug|x86
		{64ACEBA7-2EEB-4BC0-AE2B-C864B0E50B1E}.Debug|x86.Deploy.0 = Debug|x86
		{64ACEBA7-2EEB-4BC0-AE2B-C864B0E50B1E}.Release|Any CPU.ActiveCfg = Release|x86
		{64ACEBA7-2EEB-4BC0-AE2B-C864B0E50B1E}.Release|ARM.ActiveCfg = Release|ARM
		{64ACEBA7-2EEB-4BC0-AE2B-C864B0E50B1E}.Release|ARM.Build.0 = Release|ARM
		{64ACEBA7-2EEB-4BC0-AE2B-C864B0E50B1E}.Release|ARM.Deploy.0 = Release|ARM
		{64ACEBA7-2EEB-4BC0-AE2B-C864B0E50B1E}.Release|ARM64.ActiveCfg = Release|ARM64
		{64ACEBA7-2EEB-4BC0-AE2B-C864B0E50B1E}.Release|ARM64.Build.0 = Release|ARM64
		{64ACEBA7-2EEB-4BC0-AE2B-C864B0E50B1E}.Release|ARM64.Deploy.0 = Release|ARM64
		{64ACEBA7-2EEB-4BC0-AE2B-C864B0E50B1E}.Release|x64.ActiveCfg = Release|x64
		{64ACEBA7-2EEB-4BC0-AE2B-C864B0E50B1E}.Release|x64.Build.0 = Release|x64
		{64ACEBA7-2EEB-4BC0-AE2B-C864B0E50B1E}.Release|x64.Deploy.0 = Release|x64
		{64ACEBA7-2EEB-4BC0-AE2B-C864B0E50B1E}.Release|x86.ActiveCfg = Release|x86
		{64ACEBA7-2EEB-4BC0-AE2B-C864B0E50B1E}.Release|x86.Build.0 = Release|x86
		{64ACEBA7-2EEB-4BC0-AE2B-C864B0E50B1E}.Release|x86.Deploy.0 = Release|x86
		{E19CD19E-3C62-4B21-8F94-D6877807C5FA}.Debug|Any CPU.ActiveCfg = Debug|Any CPU
		{E19CD19E-3C62-4B21-8F94-D6877807C5FA}.Debug|Any CPU.Build.0 = Debug|Any CPU
		{E19CD19E-3C62-4B21-8F94-D6877807C5FA}.Debug|ARM.ActiveCfg = Debug|Any CPU
		{E19CD19E-3C62-4B21-8F94-D6877807C5FA}.Debug|ARM.Build.0 = Debug|Any CPU
		{E19CD19E-3C62-4B21-8F94-D6877807C5FA}.Debug|ARM64.ActiveCfg = Debug|Any CPU
		{E19CD19E-3C62-4B21-8F94-D6877807C5FA}.Debug|ARM64.Build.0 = Debug|Any CPU
		{E19CD19E-3C62-4B21-8F94-D6877807C5FA}.Debug|x64.ActiveCfg = Debug|Any CPU
		{E19CD19E-3C62-4B21-8F94-D6877807C5FA}.Debug|x64.Build.0 = Debug|Any CPU
		{E19CD19E-3C62-4B21-8F94-D6877807C5FA}.Debug|x86.ActiveCfg = Debug|Any CPU
		{E19CD19E-3C62-4B21-8F94-D6877807C5FA}.Debug|x86.Build.0 = Debug|Any CPU
		{E19CD19E-3C62-4B21-8F94-D6877807C5FA}.Release|Any CPU.ActiveCfg = Release|Any CPU
		{E19CD19E-3C62-4B21-8F94-D6877807C5FA}.Release|Any CPU.Build.0 = Release|Any CPU
		{E19CD19E-3C62-4B21-8F94-D6877807C5FA}.Release|ARM.ActiveCfg = Release|Any CPU
		{E19CD19E-3C62-4B21-8F94-D6877807C5FA}.Release|ARM.Build.0 = Release|Any CPU
		{E19CD19E-3C62-4B21-8F94-D6877807C5FA}.Release|ARM64.ActiveCfg = Release|Any CPU
		{E19CD19E-3C62-4B21-8F94-D6877807C5FA}.Release|ARM64.Build.0 = Release|Any CPU
		{E19CD19E-3C62-4B21-8F94-D6877807C5FA}.Release|x64.ActiveCfg = Release|Any CPU
		{E19CD19E-3C62-4B21-8F94-D6877807C5FA}.Release|x64.Build.0 = Release|Any CPU
		{E19CD19E-3C62-4B21-8F94-D6877807C5FA}.Release|x86.ActiveCfg = Release|Any CPU
		{E19CD19E-3C62-4B21-8F94-D6877807C5FA}.Release|x86.Build.0 = Release|Any CPU
	EndGlobalSection
	GlobalSection(SolutionProperties) = preSolution
		HideSolutionNode = FALSE
	EndGlobalSection
	GlobalSection(ExtensibilityGlobals) = postSolution
		SolutionGuid = {7A978048-1F22-4204-86FB-D9580F7DB5C4}
	EndGlobalSection
EndGlobal
